// !$*UTF8*$!
{
	archiveVersion = 1;
	classes = {
	};
	objectVersion = 77;
	objects = {

/* Begin PBXBuildFile section */
		B32E7E652CEF1CF10092C2A2 /* WebKit.framework in Frameworks */ = {isa = PBXBuildFile; fileRef = B32E7E642CEF1CF10092C2A2 /* WebKit.framework */; };
		BD91F32563034CFD0E681265 /* Pods_SolT.framework in Frameworks */ = {isa = PBXBuildFile; fileRef = DEDDF78EF8667D08C4887E3E /* Pods_SolT.framework */; };
		C5D5C21A389A6C886AC7D3DA /* Pods_SolT_SolTUITests.framework in Frameworks */ = {isa = PBXBuildFile; fileRef = F170A61F9AD580CD6F1359F5 /* Pods_SolT_SolTUITests.framework */; };
		C8D2F27E15A4E1FA81B3AB9A /* Pods_SolTTests.framework in Frameworks */ = {isa = PBXBuildFile; fileRef = 26A746E17B6F7CDBBDE68F99 /* Pods_SolTTests.framework */; };
/* End PBXBuildFile section */

/* Begin PBXContainerItemProxy section */
		B32E7E412CEF1B980092C2A2 /* PBXContainerItemProxy */ = {
			isa = PBXContainerItemProxy;
			containerPortal = B32E7E222CEF1B940092C2A2 /* Project object */;
			proxyType = 1;
			remoteGlobalIDString = B32E7E292CEF1B940092C2A2;
			remoteInfo = SolT;
		};
		B32E7E4B2CEF1B990092C2A2 /* PBXContainerItemProxy */ = {
			isa = PBXContainerItemProxy;
			containerPortal = B32E7E222CEF1B940092C2A2 /* Project object */;
			proxyType = 1;
			remoteGlobalIDString = B32E7E292CEF1B940092C2A2;
			remoteInfo = SolT;
		};
/* End PBXContainerItemProxy section */

/* Begin PBXFileReference section */
		16281C904B30777DC0508BD9 /* Pods-SolT.release.xcconfig */ = {isa = PBXFileReference; includeInIndex = 1; lastKnownFileType = text.xcconfig; name = "Pods-SolT.release.xcconfig"; path = "Target Support Files/Pods-SolT/Pods-SolT.release.xcconfig"; sourceTree = "<group>"; };
		26A746E17B6F7CDBBDE68F99 /* Pods_SolTTests.framework */ = {isa = PBXFileReference; explicitFileType = wrapper.framework; includeInIndex = 0; path = Pods_SolTTests.framework; sourceTree = BUILT_PRODUCTS_DIR; };
		529E719E8355F639306724F9 /* Pods-SolT-SolTUITests.debug.xcconfig */ = {isa = PBXFileReference; includeInIndex = 1; lastKnownFileType = text.xcconfig; name = "Pods-SolT-SolTUITests.debug.xcconfig"; path = "Target Support Files/Pods-SolT-SolTUITests/Pods-SolT-SolTUITests.debug.xcconfig"; sourceTree = "<group>"; };
		76B1EB1881A9DAE6F5C4A8AB /* Pods-SolT.debug.xcconfig */ = {isa = PBXFileReference; includeInIndex = 1; lastKnownFileType = text.xcconfig; name = "Pods-SolT.debug.xcconfig"; path = "Target Support Files/Pods-SolT/Pods-SolT.debug.xcconfig"; sourceTree = "<group>"; };
		B32E7E2A2CEF1B940092C2A2 /* SolT.app */ = {isa = PBXFileReference; explicitFileType = wrapper.application; includeInIndex = 0; path = SolT.app; sourceTree = BUILT_PRODUCTS_DIR; };
		B32E7E402CEF1B980092C2A2 /* SolTTests.xctest */ = {isa = PBXFileReference; explicitFileType = wrapper.cfbundle; includeInIndex = 0; path = SolTTests.xctest; sourceTree = BUILT_PRODUCTS_DIR; };
		B32E7E4A2CEF1B990092C2A2 /* SolTUITests.xctest */ = {isa = PBXFileReference; explicitFileType = wrapper.cfbundle; includeInIndex = 0; path = SolTUITests.xctest; sourceTree = BUILT_PRODUCTS_DIR; };
		B32E7E642CEF1CF10092C2A2 /* WebKit.framework */ = {isa = PBXFileReference; lastKnownFileType = wrapper.framework; name = WebKit.framework; path = System/Library/Frameworks/WebKit.framework; sourceTree = SDKROOT; };
		DEC0F16264FF8940AAC48788 /* Pods-SolT-SolTUITests.release.xcconfig */ = {isa = PBXFileReference; includeInIndex = 1; lastKnownFileType = text.xcconfig; name = "Pods-SolT-SolTUITests.release.xcconfig"; path = "Target Support Files/Pods-SolT-SolTUITests/Pods-SolT-SolTUITests.release.xcconfig"; sourceTree = "<group>"; };
		DEDDF78EF8667D08C4887E3E /* Pods_SolT.framework */ = {isa = PBXFileReference; explicitFileType = wrapper.framework; includeInIndex = 0; path = Pods_SolT.framework; sourceTree = BUILT_PRODUCTS_DIR; };
		E3ACAD3FD4A340EFB66024AF /* Pods-SolTTests.debug.xcconfig */ = {isa = PBXFileReference; includeInIndex = 1; lastKnownFileType = text.xcconfig; name = "Pods-SolTTests.debug.xcconfig"; path = "Target Support Files/Pods-SolTTests/Pods-SolTTests.debug.xcconfig"; sourceTree = "<group>"; };
		E778FD1963B612ED64E7C56C /* Pods-SolTTests.release.xcconfig */ = {isa = PBXFileReference; includeInIndex = 1; lastKnownFileType = text.xcconfig; name = "Pods-SolTTests.release.xcconfig"; path = "Target Support Files/Pods-SolTTests/Pods-SolTTests.release.xcconfig"; sourceTree = "<group>"; };
		F170A61F9AD580CD6F1359F5 /* Pods_SolT_SolTUITests.framework */ = {isa = PBXFileReference; explicitFileType = wrapper.framework; includeInIndex = 0; path = Pods_SolT_SolTUITests.framework; sourceTree = BUILT_PRODUCTS_DIR; };
/* End PBXFileReference section */

/* Begin PBXFileSystemSynchronizedBuildFileExceptionSet section */
		B32E7E522CEF1B990092C2A2 /* Exceptions for "SolT" folder in "SolT" target */ = {
			isa = PBXFileSystemSynchronizedBuildFileExceptionSet;
			membershipExceptions = (
				Info.plist,
			);
			target = B32E7E292CEF1B940092C2A2 /* SolT */;
		};
/* End PBXFileSystemSynchronizedBuildFileExceptionSet section */

/* Begin PBXFileSystemSynchronizedRootGroup section */
		B32E7E2C2CEF1B940092C2A2 /* SolT */ = {
			isa = PBXFileSystemSynchronizedRootGroup;
			exceptions = (
				B32E7E522CEF1B990092C2A2 /* Exceptions for "SolT" folder in "SolT" target */,
			);
			path = SolT;
			sourceTree = "<group>";
		};
		B32E7E432CEF1B990092C2A2 /* SolTTests */ = {
			isa = PBXFileSystemSynchronizedRootGroup;
			path = SolTTests;
			sourceTree = "<group>";
		};
		B32E7E4D2CEF1B990092C2A2 /* SolTUITests */ = {
			isa = PBXFileSystemSynchronizedRootGroup;
			path = SolTUITests;
			sourceTree = "<group>";
		};
/* End PBXFileSystemSynchronizedRootGroup section */

/* Begin PBXFrameworksBuildPhase section */
		B32E7E272CEF1B940092C2A2 /* Frameworks */ = {
			isa = PBXFrameworksBuildPhase;
			buildActionMask = 2147483647;
			files = (
				B32E7E652CEF1CF10092C2A2 /* WebKit.framework in Frameworks */,
				BD91F32563034CFD0E681265 /* Pods_SolT.framework in Frameworks */,
			);
			runOnlyForDeploymentPostprocessing = 0;
		};
		B32E7E3D2CEF1B980092C2A2 /* Frameworks */ = {
			isa = PBXFrameworksBuildPhase;
			buildActionMask = 2147483647;
			files = (
				C8D2F27E15A4E1FA81B3AB9A /* Pods_SolTTests.framework in Frameworks */,
			);
			runOnlyForDeploymentPostprocessing = 0;
		};
		B32E7E472CEF1B990092C2A2 /* Frameworks */ = {
			isa = PBXFrameworksBuildPhase;
			buildActionMask = 2147483647;
			files = (
				C5D5C21A389A6C886AC7D3DA /* Pods_SolT_SolTUITests.framework in Frameworks */,
			);
			runOnlyForDeploymentPostprocessing = 0;
		};
/* End PBXFrameworksBuildPhase section */

/* Begin PBXGroup section */
		3CC2ED2F5278AFF9CE133D65 /* Pods */ = {
			isa = PBXGroup;
			children = (
				76B1EB1881A9DAE6F5C4A8AB /* Pods-SolT.debug.xcconfig */,
				16281C904B30777DC0508BD9 /* Pods-SolT.release.xcconfig */,
				529E719E8355F639306724F9 /* Pods-SolT-SolTUITests.debug.xcconfig */,
				DEC0F16264FF8940AAC48788 /* Pods-SolT-SolTUITests.release.xcconfig */,
				E3ACAD3FD4A340EFB66024AF /* Pods-SolTTests.debug.xcconfig */,
				E778FD1963B612ED64E7C56C /* Pods-SolTTests.release.xcconfig */,
			);
			path = Pods;
			sourceTree = "<group>";
		};
		B32E7E212CEF1B940092C2A2 = {
			isa = PBXGroup;
			children = (
				B32E7E2C2CEF1B940092C2A2 /* SolT */,
				B32E7E432CEF1B990092C2A2 /* SolTTests */,
				B32E7E4D2CEF1B990092C2A2 /* SolTUITests */,
				B32E7E632CEF1CF10092C2A2 /* Frameworks */,
				B32E7E2B2CEF1B940092C2A2 /* Products */,
				3CC2ED2F5278AFF9CE133D65 /* Pods */,
			);
			sourceTree = "<group>";
		};
		B32E7E2B2CEF1B940092C2A2 /* Products */ = {
			isa = PBXGroup;
			children = (
				B32E7E2A2CEF1B940092C2A2 /* SolT.app */,
				B32E7E402CEF1B980092C2A2 /* SolTTests.xctest */,
				B32E7E4A2CEF1B990092C2A2 /* SolTUITests.xctest */,
			);
			name = Products;
			sourceTree = "<group>";
		};
		B32E7E632CEF1CF10092C2A2 /* Frameworks */ = {
			isa = PBXGroup;
			children = (
				B32E7E642CEF1CF10092C2A2 /* WebKit.framework */,
				DEDDF78EF8667D08C4887E3E /* Pods_SolT.framework */,
				F170A61F9AD580CD6F1359F5 /* Pods_SolT_SolTUITests.framework */,
				26A746E17B6F7CDBBDE68F99 /* Pods_SolTTests.framework */,
			);
			name = Frameworks;
			sourceTree = "<group>";
		};
/* End PBXGroup section */

/* Begin PBXNativeTarget section */
		B32E7E292CEF1B940092C2A2 /* SolT */ = {
			isa = PBXNativeTarget;
			buildConfigurationList = B32E7E532CEF1B990092C2A2 /* Build configuration list for PBXNativeTarget "SolT" */;
			buildPhases = (
				3C926EA6DF191C3C4774C30D /* [CP] Check Pods Manifest.lock */,
				B32E7E262CEF1B940092C2A2 /* Sources */,
				B32E7E272CEF1B940092C2A2 /* Frameworks */,
				B32E7E282CEF1B940092C2A2 /* Resources */,
				77E6D58AE5C219A0A4299247 /* [CP] Embed Pods Frameworks */,
			);
			buildRules = (
			);
			dependencies = (
			);
			fileSystemSynchronizedGroups = (
				B32E7E2C2CEF1B940092C2A2 /* SolT */,
			);
			name = SolT;
			productName = SolT;
			productReference = B32E7E2A2CEF1B940092C2A2 /* SolT.app */;
			productType = "com.apple.product-type.application";
		};
		B32E7E3F2CEF1B980092C2A2 /* SolTTests */ = {
			isa = PBXNativeTarget;
			buildConfigurationList = B32E7E582CEF1B990092C2A2 /* Build configuration list for PBXNativeTarget "SolTTests" */;
			buildPhases = (
				FCD31D13EA0371C9C8126569 /* [CP] Check Pods Manifest.lock */,
				B32E7E3C2CEF1B980092C2A2 /* Sources */,
				B32E7E3D2CEF1B980092C2A2 /* Frameworks */,
				B32E7E3E2CEF1B980092C2A2 /* Resources */,
			);
			buildRules = (
			);
			dependencies = (
				B32E7E422CEF1B980092C2A2 /* PBXTargetDependency */,
			);
			fileSystemSynchronizedGroups = (
				B32E7E432CEF1B990092C2A2 /* SolTTests */,
			);
			name = SolTTests;
			productName = SolTTests;
			productReference = B32E7E402CEF1B980092C2A2 /* SolTTests.xctest */;
			productType = "com.apple.product-type.bundle.unit-test";
		};
		B32E7E492CEF1B990092C2A2 /* SolTUITests */ = {
			isa = PBXNativeTarget;
			buildConfigurationList = B32E7E5B2CEF1B990092C2A2 /* Build configuration list for PBXNativeTarget "SolTUITests" */;
			buildPhases = (
				934837C9B70239733E11405C /* [CP] Check Pods Manifest.lock */,
				B32E7E462CEF1B990092C2A2 /* Sources */,
				B32E7E472CEF1B990092C2A2 /* Frameworks */,
				B32E7E482CEF1B990092C2A2 /* Resources */,
				6B5F666CC40CA32AA1B7B371 /* [CP] Embed Pods Frameworks */,
			);
			buildRules = (
			);
			dependencies = (
				B32E7E4C2CEF1B990092C2A2 /* PBXTargetDependency */,
			);
			fileSystemSynchronizedGroups = (
				B32E7E4D2CEF1B990092C2A2 /* SolTUITests */,
			);
			name = SolTUITests;
			productName = SolTUITests;
			productReference = B32E7E4A2CEF1B990092C2A2 /* SolTUITests.xctest */;
			productType = "com.apple.product-type.bundle.ui-testing";
		};
/* End PBXNativeTarget section */

/* Begin PBXProject section */
		B32E7E222CEF1B940092C2A2 /* Project object */ = {
			isa = PBXProject;
			attributes = {
				BuildIndependentTargetsInParallel = 1;
				LastSwiftUpdateCheck = 1610;
				LastUpgradeCheck = 1610;
				TargetAttributes = {
					B32E7E292CEF1B940092C2A2 = {
						CreatedOnToolsVersion = 16.1;
					};
					B32E7E3F2CEF1B980092C2A2 = {
						CreatedOnToolsVersion = 16.1;
						TestTargetID = B32E7E292CEF1B940092C2A2;
					};
					B32E7E492CEF1B990092C2A2 = {
						CreatedOnToolsVersion = 16.1;
						TestTargetID = B32E7E292CEF1B940092C2A2;
					};
				};
			};
			buildConfigurationList = B32E7E252CEF1B940092C2A2 /* Build configuration list for PBXProject "SolT" */;
			developmentRegion = en;
			hasScannedForEncodings = 0;
			knownRegions = (
				en,
				Base,
			);
			mainGroup = B32E7E212CEF1B940092C2A2;
			minimizedProjectReferenceProxies = 1;
			preferredProjectObjectVersion = 77;
			productRefGroup = B32E7E2B2CEF1B940092C2A2 /* Products */;
			projectDirPath = "";
			projectRoot = "";
			targets = (
				B32E7E292CEF1B940092C2A2 /* SolT */,
				B32E7E3F2CEF1B980092C2A2 /* SolTTests */,
				B32E7E492CEF1B990092C2A2 /* SolTUITests */,
			);
		};
/* End PBXProject section */

/* Begin PBXResourcesBuildPhase section */
		B32E7E282CEF1B940092C2A2 /* Resources */ = {
			isa = PBXResourcesBuildPhase;
			buildActionMask = 2147483647;
			files = (
			);
			runOnlyForDeploymentPostprocessing = 0;
		};
		B32E7E3E2CEF1B980092C2A2 /* Resources */ = {
			isa = PBXResourcesBuildPhase;
			buildActionMask = 2147483647;
			files = (
			);
			runOnlyForDeploymentPostprocessing = 0;
		};
		B32E7E482CEF1B990092C2A2 /* Resources */ = {
			isa = PBXResourcesBuildPhase;
			buildActionMask = 2147483647;
			files = (
			);
			runOnlyForDeploymentPostprocessing = 0;
		};
/* End PBXResourcesBuildPhase section */

/* Begin PBXShellScriptBuildPhase section */
		3C926EA6DF191C3C4774C30D /* [CP] Check Pods Manifest.lock */ = {
			isa = PBXShellScriptBuildPhase;
			buildActionMask = 2147483647;
			files = (
			);
			inputFileListPaths = (
			);
			inputPaths = (
				"${PODS_PODFILE_DIR_PATH}/Podfile.lock",
				"${PODS_ROOT}/Manifest.lock",
			);
			name = "[CP] Check Pods Manifest.lock";
			outputFileListPaths = (
			);
			outputPaths = (
				"$(DERIVED_FILE_DIR)/Pods-SolT-checkManifestLockResult.txt",
			);
			runOnlyForDeploymentPostprocessing = 0;
			shellPath = /bin/sh;
			shellScript = "diff \"${PODS_PODFILE_DIR_PATH}/Podfile.lock\" \"${PODS_ROOT}/Manifest.lock\" > /dev/null\nif [ $? != 0 ] ; then\n    # print error to STDERR\n    echo \"error: The sandbox is not in sync with the Podfile.lock. Run 'pod install' or update your CocoaPods installation.\" >&2\n    exit 1\nfi\n# This output is used by Xcode 'outputs' to avoid re-running this script phase.\necho \"SUCCESS\" > \"${SCRIPT_OUTPUT_FILE_0}\"\n";
			showEnvVarsInLog = 0;
		};
		6B5F666CC40CA32AA1B7B371 /* [CP] Embed Pods Frameworks */ = {
			isa = PBXShellScriptBuildPhase;
			buildActionMask = 2147483647;
			files = (
			);
			inputFileListPaths = (
				"${PODS_ROOT}/Target Support Files/Pods-SolT-SolTUITests/Pods-SolT-SolTUITests-frameworks-${CONFIGURATION}-input-files.xcfilelist",
			);
			name = "[CP] Embed Pods Frameworks";
			outputFileListPaths = (
				"${PODS_ROOT}/Target Support Files/Pods-SolT-SolTUITests/Pods-SolT-SolTUITests-frameworks-${CONFIGURATION}-output-files.xcfilelist",
			);
			runOnlyForDeploymentPostprocessing = 0;
			shellPath = /bin/sh;
			shellScript = "\"${PODS_ROOT}/Target Support Files/Pods-SolT-SolTUITests/Pods-SolT-SolTUITests-frameworks.sh\"\n";
			showEnvVarsInLog = 0;
		};
		77E6D58AE5C219A0A4299247 /* [CP] Embed Pods Frameworks */ = {
			isa = PBXShellScriptBuildPhase;
			buildActionMask = 2147483647;
			files = (
			);
			inputFileListPaths = (
				"${PODS_ROOT}/Target Support Files/Pods-SolT/Pods-SolT-frameworks-${CONFIGURATION}-input-files.xcfilelist",
			);
			name = "[CP] Embed Pods Frameworks";
			outputFileListPaths = (
				"${PODS_ROOT}/Target Support Files/Pods-SolT/Pods-SolT-frameworks-${CONFIGURATION}-output-files.xcfilelist",
			);
			runOnlyForDeploymentPostprocessing = 0;
			shellPath = /bin/sh;
			shellScript = "\"${PODS_ROOT}/Target Support Files/Pods-SolT/Pods-SolT-frameworks.sh\"\n";
			showEnvVarsInLog = 0;
		};
		934837C9B70239733E11405C /* [CP] Check Pods Manifest.lock */ = {
			isa = PBXShellScriptBuildPhase;
			buildActionMask = 2147483647;
			files = (
			);
			inputFileListPaths = (
			);
			inputPaths = (
				"${PODS_PODFILE_DIR_PATH}/Podfile.lock",
				"${PODS_ROOT}/Manifest.lock",
			);
			name = "[CP] Check Pods Manifest.lock";
			outputFileListPaths = (
			);
			outputPaths = (
				"$(DERIVED_FILE_DIR)/Pods-SolT-SolTUITests-checkManifestLockResult.txt",
			);
			runOnlyForDeploymentPostprocessing = 0;
			shellPath = /bin/sh;
			shellScript = "diff \"${PODS_PODFILE_DIR_PATH}/Podfile.lock\" \"${PODS_ROOT}/Manifest.lock\" > /dev/null\nif [ $? != 0 ] ; then\n    # print error to STDERR\n    echo \"error: The sandbox is not in sync with the Podfile.lock. Run 'pod install' or update your CocoaPods installation.\" >&2\n    exit 1\nfi\n# This output is used by Xcode 'outputs' to avoid re-running this script phase.\necho \"SUCCESS\" > \"${SCRIPT_OUTPUT_FILE_0}\"\n";
			showEnvVarsInLog = 0;
		};
		FCD31D13EA0371C9C8126569 /* [CP] Check Pods Manifest.lock */ = {
			isa = PBXShellScriptBuildPhase;
			buildActionMask = 2147483647;
			files = (
			);
			inputFileListPaths = (
			);
			inputPaths = (
				"${PODS_PODFILE_DIR_PATH}/Podfile.lock",
				"${PODS_ROOT}/Manifest.lock",
			);
			name = "[CP] Check Pods Manifest.lock";
			outputFileListPaths = (
			);
			outputPaths = (
				"$(DERIVED_FILE_DIR)/Pods-SolTTests-checkManifestLockResult.txt",
			);
			runOnlyForDeploymentPostprocessing = 0;
			shellPath = /bin/sh;
			shellScript = "diff \"${PODS_PODFILE_DIR_PATH}/Podfile.lock\" \"${PODS_ROOT}/Manifest.lock\" > /dev/null\nif [ $? != 0 ] ; then\n    # print error to STDERR\n    echo \"error: The sandbox is not in sync with the Podfile.lock. Run 'pod install' or update your CocoaPods installation.\" >&2\n    exit 1\nfi\n# This output is used by Xcode 'outputs' to avoid re-running this script phase.\necho \"SUCCESS\" > \"${SCRIPT_OUTPUT_FILE_0}\"\n";
			showEnvVarsInLog = 0;
		};
/* End PBXShellScriptBuildPhase section */

/* Begin PBXSourcesBuildPhase section */
		B32E7E262CEF1B940092C2A2 /* Sources */ = {
			isa = PBXSourcesBuildPhase;
			buildActionMask = 2147483647;
			files = (
			);
			runOnlyForDeploymentPostprocessing = 0;
		};
		B32E7E3C2CEF1B980092C2A2 /* Sources */ = {
			isa = PBXSourcesBuildPhase;
			buildActionMask = 2147483647;
			files = (
			);
			runOnlyForDeploymentPostprocessing = 0;
		};
		B32E7E462CEF1B990092C2A2 /* Sources */ = {
			isa = PBXSourcesBuildPhase;
			buildActionMask = 2147483647;
			files = (
			);
			runOnlyForDeploymentPostprocessing = 0;
		};
/* End PBXSourcesBuildPhase section */

/* Begin PBXTargetDependency section */
		B32E7E422CEF1B980092C2A2 /* PBXTargetDependency */ = {
			isa = PBXTargetDependency;
			target = B32E7E292CEF1B940092C2A2 /* SolT */;
			targetProxy = B32E7E412CEF1B980092C2A2 /* PBXContainerItemProxy */;
		};
		B32E7E4C2CEF1B990092C2A2 /* PBXTargetDependency */ = {
			isa = PBXTargetDependency;
			target = B32E7E292CEF1B940092C2A2 /* SolT */;
			targetProxy = B32E7E4B2CEF1B990092C2A2 /* PBXContainerItemProxy */;
		};
/* End PBXTargetDependency section */

/* Begin XCBuildConfiguration section */
		B32E7E542CEF1B990092C2A2 /* Debug */ = {
			isa = XCBuildConfiguration;
			baseConfigurationReference = 76B1EB1881A9DAE6F5C4A8AB /* Pods-SolT.debug.xcconfig */;
			buildSettings = {
				ASSETCATALOG_COMPILER_APPICON_NAME = AppIcon;
				ASSETCATALOG_COMPILER_GLOBAL_ACCENT_COLOR_NAME = AccentColor;
				CODE_SIGN_STYLE = Automatic;
				CURRENT_PROJECT_VERSION = 1;
				DEVELOPMENT_TEAM = G75UAV755N;
				ENABLE_USER_SCRIPT_SANDBOXING = NO;
				GENERATE_INFOPLIST_FILE = YES;
				INFOPLIST_FILE = SolT/Info.plist;
				INFOPLIST_KEY_UIApplicationSupportsIndirectInputEvents = YES;
				INFOPLIST_KEY_UILaunchStoryboardName = LaunchScreen;
				INFOPLIST_KEY_UIMainStoryboardFile = Main;
				INFOPLIST_KEY_UISupportedInterfaceOrientations_iPad = "UIInterfaceOrientationPortrait UIInterfaceOrientationPortraitUpsideDown UIInterfaceOrientationLandscapeLeft UIInterfaceOrientationLandscapeRight";
				INFOPLIST_KEY_UISupportedInterfaceOrientations_iPhone = "UIInterfaceOrientationPortrait UIInterfaceOrientationLandscapeLeft UIInterfaceOrientationLandscapeRight";
				INFOPLIST_KEY_UIUserInterfaceStyle = Light;
				IPHONEOS_DEPLOYMENT_TARGET = 15.6;
				LD_RUNPATH_SEARCH_PATHS = (
					"$(inherited)",
					"@executable_path/Frameworks",
				);
				MARKETING_VERSION = 1.0;
				PRODUCT_BUNDLE_IDENTIFIER = com.tjlabscorp.ios.SolT;
				PRODUCT_NAME = "$(TARGET_NAME)";
				SUPPORTED_PLATFORMS = "iphoneos iphonesimulator";
				SUPPORTS_MACCATALYST = NO;
				SUPPORTS_MAC_DESIGNED_FOR_IPHONE_IPAD = NO;
				SUPPORTS_XR_DESIGNED_FOR_IPHONE_IPAD = NO;
				SWIFT_EMIT_LOC_STRINGS = YES;
				SWIFT_VERSION = 5.0;
				TARGETED_DEVICE_FAMILY = 1;
			};
			name = Debug;
		};
		B32E7E552CEF1B990092C2A2 /* Release */ = {
			isa = XCBuildConfiguration;
			baseConfigurationReference = 16281C904B30777DC0508BD9 /* Pods-SolT.release.xcconfig */;
			buildSettings = {
				ASSETCATALOG_COMPILER_APPICON_NAME = AppIcon;
				ASSETCATALOG_COMPILER_GLOBAL_ACCENT_COLOR_NAME = AccentColor;
				CODE_SIGN_STYLE = Automatic;
				CURRENT_PROJECT_VERSION = 1;
				DEVELOPMENT_TEAM = G75UAV755N;
				ENABLE_USER_SCRIPT_SANDBOXING = NO;
				GENERATE_INFOPLIST_FILE = YES;
				INFOPLIST_FILE = SolT/Info.plist;
				INFOPLIST_KEY_UIApplicationSupportsIndirectInputEvents = YES;
				INFOPLIST_KEY_UILaunchStoryboardName = LaunchScreen;
				INFOPLIST_KEY_UIMainStoryboardFile = Main;
				INFOPLIST_KEY_UISupportedInterfaceOrientations_iPad = "UIInterfaceOrientationPortrait UIInterfaceOrientationPortraitUpsideDown UIInterfaceOrientationLandscapeLeft UIInterfaceOrientationLandscapeRight";
				INFOPLIST_KEY_UISupportedInterfaceOrientations_iPhone = "UIInterfaceOrientationPortrait UIInterfaceOrientationLandscapeLeft UIInterfaceOrientationLandscapeRight";
				INFOPLIST_KEY_UIUserInterfaceStyle = Light;
				IPHONEOS_DEPLOYMENT_TARGET = 15.6;
				LD_RUNPATH_SEARCH_PATHS = (
					"$(inherited)",
					"@executable_path/Frameworks",
				);
				MARKETING_VERSION = 1.0;
				PRODUCT_BUNDLE_IDENTIFIER = com.tjlabscorp.ios.SolT;
				PRODUCT_NAME = "$(TARGET_NAME)";
				SUPPORTED_PLATFORMS = "iphoneos iphonesimulator";
				SUPPORTS_MACCATALYST = NO;
				SUPPORTS_MAC_DESIGNED_FOR_IPHONE_IPAD = NO;
				SUPPORTS_XR_DESIGNED_FOR_IPHONE_IPAD = NO;
				SWIFT_EMIT_LOC_STRINGS = YES;
				SWIFT_VERSION = 5.0;
				TARGETED_DEVICE_FAMILY = 1;
			};
			name = Release;
		};
		B32E7E562CEF1B990092C2A2 /* Debug */ = {
			isa = XCBuildConfiguration;
			buildSettings = {
				ALWAYS_SEARCH_USER_PATHS = NO;
				ASSETCATALOG_COMPILER_GENERATE_SWIFT_ASSET_SYMBOL_EXTENSIONS = YES;
				CLANG_ANALYZER_NONNULL = YES;
				CLANG_ANALYZER_NUMBER_OBJECT_CONVERSION = YES_AGGRESSIVE;
				CLANG_CXX_LANGUAGE_STANDARD = "gnu++20";
				CLANG_ENABLE_MODULES = YES;
				CLANG_ENABLE_OBJC_ARC = YES;
				CLANG_ENABLE_OBJC_WEAK = YES;
				CLANG_WARN_BLOCK_CAPTURE_AUTORELEASING = YES;
				CLANG_WARN_BOOL_CONVERSION = YES;
				CLANG_WARN_COMMA = YES;
				CLANG_WARN_CONSTANT_CONVERSION = YES;
				CLANG_WARN_DEPRECATED_OBJC_IMPLEMENTATIONS = YES;
				CLANG_WARN_DIRECT_OBJC_ISA_USAGE = YES_ERROR;
				CLANG_WARN_DOCUMENTATION_COMMENTS = YES;
				CLANG_WARN_EMPTY_BODY = YES;
				CLANG_WARN_ENUM_CONVERSION = YES;
				CLANG_WARN_INFINITE_RECURSION = YES;
				CLANG_WARN_INT_CONVERSION = YES;
				CLANG_WARN_NON_LITERAL_NULL_CONVERSION = YES;
				CLANG_WARN_OBJC_IMPLICIT_RETAIN_SELF = YES;
				CLANG_WARN_OBJC_LITERAL_CONVERSION = YES;
				CLANG_WARN_OBJC_ROOT_CLASS = YES_ERROR;
				CLANG_WARN_QUOTED_INCLUDE_IN_FRAMEWORK_HEADER = YES;
				CLANG_WARN_RANGE_LOOP_ANALYSIS = YES;
				CLANG_WARN_STRICT_PROTOTYPES = YES;
				CLANG_WARN_SUSPICIOUS_MOVE = YES;
				CLANG_WARN_UNGUARDED_AVAILABILITY = YES_AGGRESSIVE;
				CLANG_WARN_UNREACHABLE_CODE = YES;
				CLANG_WARN__DUPLICATE_METHOD_MATCH = YES;
				COPY_PHASE_STRIP = NO;
				DEBUG_INFORMATION_FORMAT = dwarf;
				ENABLE_STRICT_OBJC_MSGSEND = YES;
				ENABLE_TESTABILITY = YES;
				ENABLE_USER_SCRIPT_SANDBOXING = YES;
				GCC_C_LANGUAGE_STANDARD = gnu17;
				GCC_DYNAMIC_NO_PIC = NO;
				GCC_NO_COMMON_BLOCKS = YES;
				GCC_OPTIMIZATION_LEVEL = 0;
				GCC_PREPROCESSOR_DEFINITIONS = (
					"DEBUG=1",
					"$(inherited)",
				);
				GCC_WARN_64_TO_32_BIT_CONVERSION = YES;
				GCC_WARN_ABOUT_RETURN_TYPE = YES_ERROR;
				GCC_WARN_UNDECLARED_SELECTOR = YES;
				GCC_WARN_UNINITIALIZED_AUTOS = YES_AGGRESSIVE;
				GCC_WARN_UNUSED_FUNCTION = YES;
				GCC_WARN_UNUSED_VARIABLE = YES;
				IPHONEOS_DEPLOYMENT_TARGET = 15.6;
				LOCALIZATION_PREFERS_STRING_CATALOGS = YES;
				MTL_ENABLE_DEBUG_INFO = INCLUDE_SOURCE;
				MTL_FAST_MATH = YES;
				ONLY_ACTIVE_ARCH = YES;
				SDKROOT = iphoneos;
				SWIFT_ACTIVE_COMPILATION_CONDITIONS = "DEBUG $(inherited)";
				SWIFT_OPTIMIZATION_LEVEL = "-Onone";
			};
			name = Debug;
		};
		B32E7E572CEF1B990092C2A2 /* Release */ = {
			isa = XCBuildConfiguration;
			buildSettings = {
				ALWAYS_SEARCH_USER_PATHS = NO;
				ASSETCATALOG_COMPILER_GENERATE_SWIFT_ASSET_SYMBOL_EXTENSIONS = YES;
				CLANG_ANALYZER_NONNULL = YES;
				CLANG_ANALYZER_NUMBER_OBJECT_CONVERSION = YES_AGGRESSIVE;
				CLANG_CXX_LANGUAGE_STANDARD = "gnu++20";
				CLANG_ENABLE_MODULES = YES;
				CLANG_ENABLE_OBJC_ARC = YES;
				CLANG_ENABLE_OBJC_WEAK = YES;
				CLANG_WARN_BLOCK_CAPTURE_AUTORELEASING = YES;
				CLANG_WARN_BOOL_CONVERSION = YES;
				CLANG_WARN_COMMA = YES;
				CLANG_WARN_CONSTANT_CONVERSION = YES;
				CLANG_WARN_DEPRECATED_OBJC_IMPLEMENTATIONS = YES;
				CLANG_WARN_DIRECT_OBJC_ISA_USAGE = YES_ERROR;
				CLANG_WARN_DOCUMENTATION_COMMENTS = YES;
				CLANG_WARN_EMPTY_BODY = YES;
				CLANG_WARN_ENUM_CONVERSION = YES;
				CLANG_WARN_INFINITE_RECURSION = YES;
				CLANG_WARN_INT_CONVERSION = YES;
				CLANG_WARN_NON_LITERAL_NULL_CONVERSION = YES;
				CLANG_WARN_OBJC_IMPLICIT_RETAIN_SELF = YES;
				CLANG_WARN_OBJC_LITERAL_CONVERSION = YES;
				CLANG_WARN_OBJC_ROOT_CLASS = YES_ERROR;
				CLANG_WARN_QUOTED_INCLUDE_IN_FRAMEWORK_HEADER = YES;
				CLANG_WARN_RANGE_LOOP_ANALYSIS = YES;
				CLANG_WARN_STRICT_PROTOTYPES = YES;
				CLANG_WARN_SUSPICIOUS_MOVE = YES;
				CLANG_WARN_UNGUARDED_AVAILABILITY = YES_AGGRESSIVE;
				CLANG_WARN_UNREACHABLE_CODE = YES;
				CLANG_WARN__DUPLICATE_METHOD_MATCH = YES;
				COPY_PHASE_STRIP = NO;
				DEBUG_INFORMATION_FORMAT = "dwarf-with-dsym";
				ENABLE_NS_ASSERTIONS = NO;
				ENABLE_STRICT_OBJC_MSGSEND = YES;
				ENABLE_USER_SCRIPT_SANDBOXING = YES;
				GCC_C_LANGUAGE_STANDARD = gnu17;
				GCC_NO_COMMON_BLOCKS = YES;
				GCC_WARN_64_TO_32_BIT_CONVERSION = YES;
				GCC_WARN_ABOUT_RETURN_TYPE = YES_ERROR;
				GCC_WARN_UNDECLARED_SELECTOR = YES;
				GCC_WARN_UNINITIALIZED_AUTOS = YES_AGGRESSIVE;
				GCC_WARN_UNUSED_FUNCTION = YES;
				GCC_WARN_UNUSED_VARIABLE = YES;
				IPHONEOS_DEPLOYMENT_TARGET = 15.6;
				LOCALIZATION_PREFERS_STRING_CATALOGS = YES;
				MTL_ENABLE_DEBUG_INFO = NO;
				MTL_FAST_MATH = YES;
				SDKROOT = iphoneos;
				SWIFT_COMPILATION_MODE = wholemodule;
				VALIDATE_PRODUCT = YES;
			};
			name = Release;
		};
		B32E7E592CEF1B990092C2A2 /* Debug */ = {
			isa = XCBuildConfiguration;
			baseConfigurationReference = E3ACAD3FD4A340EFB66024AF /* Pods-SolTTests.debug.xcconfig */;
			buildSettings = {
				BUNDLE_LOADER = "$(TEST_HOST)";
				CODE_SIGN_STYLE = Automatic;
				CURRENT_PROJECT_VERSION = 1;
				DEVELOPMENT_TEAM = G75UAV755N;
				GENERATE_INFOPLIST_FILE = YES;
				IPHONEOS_DEPLOYMENT_TARGET = 18.1;
				MARKETING_VERSION = 1.0;
				PRODUCT_BUNDLE_IDENTIFIER = com.tjlabscorp.ios.SolTTests;
				PRODUCT_NAME = "$(TARGET_NAME)";
				SWIFT_EMIT_LOC_STRINGS = NO;
				SWIFT_VERSION = 5.0;
				TARGETED_DEVICE_FAMILY = "1,2";
				TEST_HOST = "$(BUILT_PRODUCTS_DIR)/SolT.app/$(BUNDLE_EXECUTABLE_FOLDER_PATH)/SolT";
			};
			name = Debug;
		};
		B32E7E5A2CEF1B990092C2A2 /* Release */ = {
			isa = XCBuildConfiguration;
			baseConfigurationReference = E778FD1963B612ED64E7C56C /* Pods-SolTTests.release.xcconfig */;
			buildSettings = {
				BUNDLE_LOADER = "$(TEST_HOST)";
				CODE_SIGN_STYLE = Automatic;
				CURRENT_PROJECT_VERSION = 1;
				DEVELOPMENT_TEAM = G75UAV755N;
				GENERATE_INFOPLIST_FILE = YES;
				IPHONEOS_DEPLOYMENT_TARGET = 18.1;
				MARKETING_VERSION = 1.0;
				PRODUCT_BUNDLE_IDENTIFIER = com.tjlabscorp.ios.SolTTests;
				PRODUCT_NAME = "$(TARGET_NAME)";
				SWIFT_EMIT_LOC_STRINGS = NO;
				SWIFT_VERSION = 5.0;
				TARGETED_DEVICE_FAMILY = "1,2";
				TEST_HOST = "$(BUILT_PRODUCTS_DIR)/SolT.app/$(BUNDLE_EXECUTABLE_FOLDER_PATH)/SolT";
			};
			name = Release;
		};
		B32E7E5C2CEF1B990092C2A2 /* Debug */ = {
			isa = XCBuildConfiguration;
			baseConfigurationReference = 529E719E8355F639306724F9 /* Pods-SolT-SolTUITests.debug.xcconfig */;
			buildSettings = {
				CODE_SIGN_STYLE = Automatic;
				CURRENT_PROJECT_VERSION = 1;
				DEVELOPMENT_TEAM = G75UAV755N;
				GENERATE_INFOPLIST_FILE = YES;
				MARKETING_VERSION = 1.0;
				PRODUCT_BUNDLE_IDENTIFIER = com.tjlabscorp.ios.SolTUITests;
				PRODUCT_NAME = "$(TARGET_NAME)";
				SWIFT_EMIT_LOC_STRINGS = NO;
				SWIFT_VERSION = 5.0;
				TARGETED_DEVICE_FAMILY = "1,2";
				TEST_TARGET_NAME = SolT;
			};
			name = Debug;
		};
		B32E7E5D2CEF1B990092C2A2 /* Release */ = {
			isa = XCBuildConfiguration;
			baseConfigurationReference = DEC0F16264FF8940AAC48788 /* Pods-SolT-SolTUITests.release.xcconfig */;
			buildSettings = {
				CODE_SIGN_STYLE = Automatic;
				CURRENT_PROJECT_VERSION = 1;
				DEVELOPMENT_TEAM = G75UAV755N;
				GENERATE_INFOPLIST_FILE = YES;
				MARKETING_VERSION = 1.0;
				PRODUCT_BUNDLE_IDENTIFIER = com.tjlabscorp.ios.SolTUITests;
				PRODUCT_NAME = "$(TARGET_NAME)";
				SWIFT_EMIT_LOC_STRINGS = NO;
				SWIFT_VERSION = 5.0;
				TARGETED_DEVICE_FAMILY = "1,2";
				TEST_TARGET_NAME = SolT;
			};
			name = Release;
		};
/* End XCBuildConfiguration section */

/* Begin XCConfigurationList section */
		B32E7E252CEF1B940092C2A2 /* Build configuration list for PBXProject "SolT" */ = {
			isa = XCConfigurationList;
			buildConfigurations = (
				B32E7E562CEF1B990092C2A2 /* Debug */,
				B32E7E572CEF1B990092C2A2 /* Release */,
			);
			defaultConfigurationIsVisible = 0;
			defaultConfigurationName = Release;
		};
		B32E7E532CEF1B990092C2A2 /* Build configuration list for PBXNativeTarget "SolT" */ = {
			isa = XCConfigurationList;
			buildConfigurations = (
				B32E7E542CEF1B990092C2A2 /* Debug */,
				B32E7E552CEF1B990092C2A2 /* Release */,
			);
			defaultConfigurationIsVisible = 0;
			defaultConfigurationName = Release;
		};
		B32E7E582CEF1B990092C2A2 /* Build configuration list for PBXNativeTarget "SolTTests" */ = {
			isa = XCConfigurationList;
			buildConfigurations = (
				B32E7E592CEF1B990092C2A2 /* Debug */,
				B32E7E5A2CEF1B990092C2A2 /* Release */,
			);
			defaultConfigurationIsVisible = 0;
			defaultConfigurationName = Release;
		};
		B32E7E5B2CEF1B990092C2A2 /* Build configuration list for PBXNativeTarget "SolTUITests" */ = {
			isa = XCConfigurationList;
			buildConfigurations = (
				B32E7E5C2CEF1B990092C2A2 /* Debug */,
				B32E7E5D2CEF1B990092C2A2 /* Release */,
			);
			defaultConfigurationIsVisible = 0;
			defaultConfigurationName = Release;
		};
/* End XCConfigurationList section */
	};
	rootObject = B32E7E222CEF1B940092C2A2 /* Project object */;
}
